// !$*UTF8*$!
{
	archiveVersion = 1;
	classes = {
	};
	objectVersion = 50;
	objects = {

/* Begin PBXBuildFile section */
		6F06BE7A2583C4920047EC9A /* Canvas.swift in Sources */ = {isa = PBXBuildFile; fileRef = 6F06BE792583C4920047EC9A /* Canvas.swift */; };
		6F06BE812583F0920047EC9A /* Canvas.framework in Frameworks */ = {isa = PBXBuildFile; fileRef = 6F06BE7F2583F0920047EC9A /* Canvas.framework */; };
		6F06BE822583F0920047EC9A /* Canvas.framework in Embed Frameworks */ = {isa = PBXBuildFile; fileRef = 6F06BE7F2583F0920047EC9A /* Canvas.framework */; settings = {ATTRIBUTES = (CodeSignOnCopy, RemoveHeadersOnCopy, ); }; };
		6F06BE832583F0920047EC9A /* MNIST.framework in Frameworks */ = {isa = PBXBuildFile; fileRef = 6F06BE802583F0920047EC9A /* MNIST.framework */; };
		6F06BE842583F0920047EC9A /* MNIST.framework in Embed Frameworks */ = {isa = PBXBuildFile; fileRef = 6F06BE802583F0920047EC9A /* MNIST.framework */; settings = {ATTRIBUTES = (CodeSignOnCopy, RemoveHeadersOnCopy, ); }; };
		6FAB7D7F257CEC3900889031 /* AppDelegate.swift in Sources */ = {isa = PBXBuildFile; fileRef = 6FAB7D7E257CEC3900889031 /* AppDelegate.swift */; };
		6FAB7D83257CEC3900889031 /* CanvasViewController.swift in Sources */ = {isa = PBXBuildFile; fileRef = 6FAB7D82257CEC3900889031 /* CanvasViewController.swift */; };
		6FAB7D86257CEC3900889031 /* Main.storyboard in Resources */ = {isa = PBXBuildFile; fileRef = 6FAB7D84257CEC3900889031 /* Main.storyboard */; };
		6FAB7D88257CEC3A00889031 /* Assets.xcassets in Resources */ = {isa = PBXBuildFile; fileRef = 6FAB7D87257CEC3A00889031 /* Assets.xcassets */; };
		6FAB7D8B257CEC3A00889031 /* LaunchScreen.storyboard in Resources */ = {isa = PBXBuildFile; fileRef = 6FAB7D89257CEC3A00889031 /* LaunchScreen.storyboard */; };
		6FAB7D96257CEC3A00889031 /* DigitRecognizerTests.swift in Sources */ = {isa = PBXBuildFile; fileRef = 6FAB7D95257CEC3A00889031 /* DigitRecognizerTests.swift */; };
		6FF40BE32587E59200102411 /* ViewModel.swift in Sources */ = {isa = PBXBuildFile; fileRef = 6FF40BE22587E59200102411 /* ViewModel.swift */; };
		6FF40BE52587E66E00102411 /* Model.swift in Sources */ = {isa = PBXBuildFile; fileRef = 6FF40BE42587E66E00102411 /* Model.swift */; };
		6FF40BE72587E6EF00102411 /* CanvasViewController.swift in Sources */ = {isa = PBXBuildFile; fileRef = 6FF40BE62587E6EF00102411 /* CanvasViewController.swift */; };
/* End PBXBuildFile section */

/* Begin PBXContainerItemProxy section */
		6FAB7D92257CEC3A00889031 /* PBXContainerItemProxy */ = {
			isa = PBXContainerItemProxy;
			containerPortal = 6FAB7D73257CEC3900889031 /* Project object */;
			proxyType = 1;
			remoteGlobalIDString = 6FAB7D7A257CEC3900889031;
			remoteInfo = DigitRecognizer;
		};
/* End PBXContainerItemProxy section */

/* Begin PBXCopyFilesBuildPhase section */
		6F06BE852583F0920047EC9A /* Embed Frameworks */ = {
			isa = PBXCopyFilesBuildPhase;
			buildActionMask = 2147483647;
			dstPath = "";
			dstSubfolderSpec = 10;
			files = (
				6F06BE842583F0920047EC9A /* MNIST.framework in Embed Frameworks */,
				6F06BE822583F0920047EC9A /* Canvas.framework in Embed Frameworks */,
			);
			name = "Embed Frameworks";
			runOnlyForDeploymentPostprocessing = 0;
		};
/* End PBXCopyFilesBuildPhase section */

/* Begin PBXFileReference section */
		6F06BE792583C4920047EC9A /* Canvas.swift */ = {isa = PBXFileReference; lastKnownFileType = sourcecode.swift; path = Canvas.swift; sourceTree = "<group>"; };
		6F06BE7F2583F0920047EC9A /* Canvas.framework */ = {isa = PBXFileReference; explicitFileType = wrapper.framework; path = Canvas.framework; sourceTree = BUILT_PRODUCTS_DIR; };
		6F06BE802583F0920047EC9A /* MNIST.framework */ = {isa = PBXFileReference; explicitFileType = wrapper.framework; path = MNIST.framework; sourceTree = BUILT_PRODUCTS_DIR; };
		6FAB7D7B257CEC3900889031 /* DigitRecognizer.app */ = {isa = PBXFileReference; explicitFileType = wrapper.application; includeInIndex = 0; path = DigitRecognizer.app; sourceTree = BUILT_PRODUCTS_DIR; };
		6FAB7D7E257CEC3900889031 /* AppDelegate.swift */ = {isa = PBXFileReference; lastKnownFileType = sourcecode.swift; path = AppDelegate.swift; sourceTree = "<group>"; };
		6FAB7D82257CEC3900889031 /* CanvasViewController.swift */ = {isa = PBXFileReference; lastKnownFileType = sourcecode.swift; path = CanvasViewController.swift; sourceTree = "<group>"; };
		6FAB7D85257CEC3900889031 /* Base */ = {isa = PBXFileReference; lastKnownFileType = file.storyboard; name = Base; path = Base.lproj/Main.storyboard; sourceTree = "<group>"; };
		6FAB7D87257CEC3A00889031 /* Assets.xcassets */ = {isa = PBXFileReference; lastKnownFileType = folder.assetcatalog; path = Assets.xcassets; sourceTree = "<group>"; };
		6FAB7D8A257CEC3A00889031 /* Base */ = {isa = PBXFileReference; lastKnownFileType = file.storyboard; name = Base; path = Base.lproj/LaunchScreen.storyboard; sourceTree = "<group>"; };
		6FAB7D8C257CEC3A00889031 /* Info.plist */ = {isa = PBXFileReference; lastKnownFileType = text.plist.xml; path = Info.plist; sourceTree = "<group>"; };
		6FAB7D91257CEC3A00889031 /* DigitRecognizerTests.xctest */ = {isa = PBXFileReference; explicitFileType = wrapper.cfbundle; includeInIndex = 0; path = DigitRecognizerTests.xctest; sourceTree = BUILT_PRODUCTS_DIR; };
		6FAB7D95257CEC3A00889031 /* DigitRecognizerTests.swift */ = {isa = PBXFileReference; lastKnownFileType = sourcecode.swift; path = DigitRecognizerTests.swift; sourceTree = "<group>"; };
		6FAB7D97257CEC3A00889031 /* Info.plist */ = {isa = PBXFileReference; lastKnownFileType = text.plist.xml; path = Info.plist; sourceTree = "<group>"; };
		6FF40BE22587E59200102411 /* ViewModel.swift */ = {isa = PBXFileReference; lastKnownFileType = sourcecode.swift; path = ViewModel.swift; sourceTree = "<group>"; };
		6FF40BE42587E66E00102411 /* Model.swift */ = {isa = PBXFileReference; lastKnownFileType = sourcecode.swift; path = Model.swift; sourceTree = "<group>"; };
		6FF40BE62587E6EF00102411 /* CanvasViewController.swift */ = {isa = PBXFileReference; fileEncoding = 4; lastKnownFileType = sourcecode.swift; path = CanvasViewController.swift; sourceTree = "<group>"; };
/* End PBXFileReference section */

/* Begin PBXFrameworksBuildPhase section */
		6FAB7D78257CEC3900889031 /* Frameworks */ = {
			isa = PBXFrameworksBuildPhase;
			buildActionMask = 2147483647;
			files = (
				6F06BE832583F0920047EC9A /* MNIST.framework in Frameworks */,
				6F06BE812583F0920047EC9A /* Canvas.framework in Frameworks */,
			);
			runOnlyForDeploymentPostprocessing = 0;
		};
		6FAB7D8E257CEC3A00889031 /* Frameworks */ = {
			isa = PBXFrameworksBuildPhase;
			buildActionMask = 2147483647;
			files = (
			);
			runOnlyForDeploymentPostprocessing = 0;
		};
/* End PBXFrameworksBuildPhase section */

/* Begin PBXGroup section */
		6F06BE7E2583F0920047EC9A /* Frameworks */ = {
			isa = PBXGroup;
			children = (
				6F06BE7F2583F0920047EC9A /* Canvas.framework */,
				6F06BE802583F0920047EC9A /* MNIST.framework */,
			);
			name = Frameworks;
			sourceTree = "<group>";
		};
		6FAB7D72257CEC3900889031 = {
			isa = PBXGroup;
			children = (
				6FAB7D7D257CEC3900889031 /* DigitRecognizer */,
				6FAB7D94257CEC3A00889031 /* DigitRecognizerTests */,
				6FAB7D7C257CEC3900889031 /* Products */,
				6F06BE7E2583F0920047EC9A /* Frameworks */,
			);
			sourceTree = "<group>";
		};
		6FAB7D7C257CEC3900889031 /* Products */ = {
			isa = PBXGroup;
			children = (
				6FAB7D7B257CEC3900889031 /* DigitRecognizer.app */,
				6FAB7D91257CEC3A00889031 /* DigitRecognizerTests.xctest */,
			);
			name = Products;
			sourceTree = "<group>";
		};
		6FAB7D7D257CEC3900889031 /* DigitRecognizer */ = {
			isa = PBXGroup;
			children = (
				6FF40BE62587E6EF00102411 /* CanvasViewController.swift */,
				6FAB7D7E257CEC3900889031 /* AppDelegate.swift */,
				6FAB7D82257CEC3900889031 /* CanvasViewController.swift */,
				6FAB7D84257CEC3900889031 /* Main.storyboard */,
				6FAB7D87257CEC3A00889031 /* Assets.xcassets */,
				6FAB7D89257CEC3A00889031 /* LaunchScreen.storyboard */,
				6FAB7D8C257CEC3A00889031 /* Info.plist */,
				6F06BE792583C4920047EC9A /* Canvas.swift */,
				6FF40BE22587E59200102411 /* ViewModel.swift */,
				6FF40BE42587E66E00102411 /* Model.swift */,
			);
			path = DigitRecognizer;
			sourceTree = "<group>";
		};
		6FAB7D94257CEC3A00889031 /* DigitRecognizerTests */ = {
			isa = PBXGroup;
			children = (
				6FAB7D95257CEC3A00889031 /* DigitRecognizerTests.swift */,
				6FAB7D97257CEC3A00889031 /* Info.plist */,
			);
			path = DigitRecognizerTests;
			sourceTree = "<group>";
		};
/* End PBXGroup section */

/* Begin PBXNativeTarget section */
		6FAB7D7A257CEC3900889031 /* DigitRecognizer */ = {
			isa = PBXNativeTarget;
			buildConfigurationList = 6FAB7D9A257CEC3A00889031 /* Build configuration list for PBXNativeTarget "DigitRecognizer" */;
			buildPhases = (
				6FAB7D77257CEC3900889031 /* Sources */,
				6FAB7D78257CEC3900889031 /* Frameworks */,
				6FAB7D79257CEC3900889031 /* Resources */,
				6F06BE852583F0920047EC9A /* Embed Frameworks */,
			);
			buildRules = (
			);
			dependencies = (
			);
			name = DigitRecognizer;
			productName = DigitRecognizer;
			productReference = 6FAB7D7B257CEC3900889031 /* DigitRecognizer.app */;
			productType = "com.apple.product-type.application";
		};
		6FAB7D90257CEC3A00889031 /* DigitRecognizerTests */ = {
			isa = PBXNativeTarget;
			buildConfigurationList = 6FAB7D9D257CEC3A00889031 /* Build configuration list for PBXNativeTarget "DigitRecognizerTests" */;
			buildPhases = (
				6FAB7D8D257CEC3A00889031 /* Sources */,
				6FAB7D8E257CEC3A00889031 /* Frameworks */,
				6FAB7D8F257CEC3A00889031 /* Resources */,
			);
			buildRules = (
			);
			dependencies = (
				6FAB7D93257CEC3A00889031 /* PBXTargetDependency */,
			);
			name = DigitRecognizerTests;
			productName = DigitRecognizerTests;
			productReference = 6FAB7D91257CEC3A00889031 /* DigitRecognizerTests.xctest */;
			productType = "com.apple.product-type.bundle.unit-test";
		};
/* End PBXNativeTarget section */

/* Begin PBXProject section */
		6FAB7D73257CEC3900889031 /* Project object */ = {
			isa = PBXProject;
			attributes = {
				LastSwiftUpdateCheck = 1170;
				LastUpgradeCheck = 1200;
				ORGANIZATIONNAME = "Roman Vovk";
				TargetAttributes = {
					6FAB7D7A257CEC3900889031 = {
						CreatedOnToolsVersion = 11.7;
						LastSwiftMigration = 1170;
					};
					6FAB7D90257CEC3A00889031 = {
						CreatedOnToolsVersion = 11.7;
						TestTargetID = 6FAB7D7A257CEC3900889031;
					};
				};
			};
			buildConfigurationList = 6FAB7D76257CEC3900889031 /* Build configuration list for PBXProject "DigitRecognizer" */;
			compatibilityVersion = "Xcode 9.3";
			developmentRegion = en;
			hasScannedForEncodings = 0;
			knownRegions = (
				en,
				Base,
			);
			mainGroup = 6FAB7D72257CEC3900889031;
			productRefGroup = 6FAB7D7C257CEC3900889031 /* Products */;
			projectDirPath = "";
			projectRoot = "";
			targets = (
				6FAB7D7A257CEC3900889031 /* DigitRecognizer */,
				6FAB7D90257CEC3A00889031 /* DigitRecognizerTests */,
			);
		};
/* End PBXProject section */

/* Begin PBXResourcesBuildPhase section */
		6FAB7D79257CEC3900889031 /* Resources */ = {
			isa = PBXResourcesBuildPhase;
			buildActionMask = 2147483647;
			files = (
				6FAB7D8B257CEC3A00889031 /* LaunchScreen.storyboard in Resources */,
				6FAB7D88257CEC3A00889031 /* Assets.xcassets in Resources */,
				6FAB7D86257CEC3900889031 /* Main.storyboard in Resources */,
			);
			runOnlyForDeploymentPostprocessing = 0;
		};
		6FAB7D8F257CEC3A00889031 /* Resources */ = {
			isa = PBXResourcesBuildPhase;
			buildActionMask = 2147483647;
			files = (
			);
			runOnlyForDeploymentPostprocessing = 0;
		};
/* End PBXResourcesBuildPhase section */

/* Begin PBXSourcesBuildPhase section */
		6FAB7D77257CEC3900889031 /* Sources */ = {
			isa = PBXSourcesBuildPhase;
			buildActionMask = 2147483647;
			files = (
				6FF40BE72587E6EF00102411 /* CanvasViewController.swift in Sources */,
				6FF40BE52587E66E00102411 /* Model.swift in Sources */,
				6FAB7D83257CEC3900889031 /* CanvasViewController.swift in Sources */,
				6FAB7D7F257CEC3900889031 /* AppDelegate.swift in Sources */,
				6FF40BE32587E59200102411 /* ViewModel.swift in Sources */,
				6F06BE7A2583C4920047EC9A /* Canvas.swift in Sources */,
			);
			runOnlyForDeploymentPostprocessing = 0;
		};
		6FAB7D8D257CEC3A00889031 /* Sources */ = {
			isa = PBXSourcesBuildPhase;
			buildActionMask = 2147483647;
			files = (
				6FAB7D96257CEC3A00889031 /* DigitRecognizerTests.swift in Sources */,
			);
			runOnlyForDeploymentPostprocessing = 0;
		};
/* End PBXSourcesBuildPhase section */

/* Begin PBXTargetDependency section */
		6FAB7D93257CEC3A00889031 /* PBXTargetDependency */ = {
			isa = PBXTargetDependency;
			target = 6FAB7D7A257CEC3900889031 /* DigitRecognizer */;
			targetProxy = 6FAB7D92257CEC3A00889031 /* PBXContainerItemProxy */;
		};
/* End PBXTargetDependency section */

/* Begin PBXVariantGroup section */
		6FAB7D84257CEC3900889031 /* Main.storyboard */ = {
			isa = PBXVariantGroup;
			children = (
				6FAB7D85257CEC3900889031 /* Base */,
			);
			name = Main.storyboard;
			sourceTree = "<group>";
		};
		6FAB7D89257CEC3A00889031 /* LaunchScreen.storyboard */ = {
			isa = PBXVariantGroup;
			children = (
				6FAB7D8A257CEC3A00889031 /* Base */,
			);
			name = LaunchScreen.storyboard;
			sourceTree = "<group>";
		};
/* End PBXVariantGroup section */

/* Begin XCBuildConfiguration section */
		6FAB7D98257CEC3A00889031 /* Debug */ = {
			isa = XCBuildConfiguration;
			buildSettings = {
				ALWAYS_SEARCH_USER_PATHS = NO;
				CLANG_ANALYZER_NONNULL = YES;
				CLANG_ANALYZER_NUMBER_OBJECT_CONVERSION = YES_AGGRESSIVE;
				CLANG_CXX_LANGUAGE_STANDARD = "gnu++14";
				CLANG_CXX_LIBRARY = "libc++";
				CLANG_ENABLE_MODULES = YES;
				CLANG_ENABLE_OBJC_ARC = YES;
				CLANG_ENABLE_OBJC_WEAK = YES;
				CLANG_WARN_BLOCK_CAPTURE_AUTORELEASING = YES;
				CLANG_WARN_BOOL_CONVERSION = YES;
				CLANG_WARN_COMMA = YES;
				CLANG_WARN_CONSTANT_CONVERSION = YES;
				CLANG_WARN_DEPRECATED_OBJC_IMPLEMENTATIONS = YES;
				CLANG_WARN_DIRECT_OBJC_ISA_USAGE = YES_ERROR;
				CLANG_WARN_DOCUMENTATION_COMMENTS = YES;
				CLANG_WARN_EMPTY_BODY = YES;
				CLANG_WARN_ENUM_CONVERSION = YES;
				CLANG_WARN_INFINITE_RECURSION = YES;
				CLANG_WARN_INT_CONVERSION = YES;
				CLANG_WARN_NON_LITERAL_NULL_CONVERSION = YES;
				CLANG_WARN_OBJC_IMPLICIT_RETAIN_SELF = YES;
				CLANG_WARN_OBJC_LITERAL_CONVERSION = YES;
				CLANG_WARN_OBJC_ROOT_CLASS = YES_ERROR;
				CLANG_WARN_QUOTED_INCLUDE_IN_FRAMEWORK_HEADER = YES;
				CLANG_WARN_RANGE_LOOP_ANALYSIS = YES;
				CLANG_WARN_STRICT_PROTOTYPES = YES;
				CLANG_WARN_SUSPICIOUS_MOVE = YES;
				CLANG_WARN_UNGUARDED_AVAILABILITY = YES_AGGRESSIVE;
				CLANG_WARN_UNREACHABLE_CODE = YES;
				CLANG_WARN__DUPLICATE_METHOD_MATCH = YES;
				COPY_PHASE_STRIP = NO;
				DEBUG_INFORMATION_FORMAT = dwarf;
				ENABLE_STRICT_OBJC_MSGSEND = YES;
				ENABLE_TESTABILITY = YES;
				GCC_C_LANGUAGE_STANDARD = gnu11;
				GCC_DYNAMIC_NO_PIC = NO;
				GCC_NO_COMMON_BLOCKS = YES;
				GCC_OPTIMIZATION_LEVEL = 0;
				GCC_PREPROCESSOR_DEFINITIONS = (
					"DEBUG=1",
					"$(inherited)",
				);
				GCC_WARN_64_TO_32_BIT_CONVERSION = YES;
				GCC_WARN_ABOUT_RETURN_TYPE = YES_ERROR;
				GCC_WARN_UNDECLARED_SELECTOR = YES;
				GCC_WARN_UNINITIALIZED_AUTOS = YES_AGGRESSIVE;
				GCC_WARN_UNUSED_FUNCTION = YES;
				GCC_WARN_UNUSED_VARIABLE = YES;
				IPHONEOS_DEPLOYMENT_TARGET = 13.7;
				MTL_ENABLE_DEBUG_INFO = INCLUDE_SOURCE;
				MTL_FAST_MATH = YES;
				ONLY_ACTIVE_ARCH = YES;
				SDKROOT = iphoneos;
				SWIFT_ACTIVE_COMPILATION_CONDITIONS = DEBUG;
				SWIFT_OPTIMIZATION_LEVEL = "-Onone";
			};
			name = Debug;
		};
		6FAB7D99257CEC3A00889031 /* Release */ = {
			isa = XCBuildConfiguration;
			buildSettings = {
				ALWAYS_SEARCH_USER_PATHS = NO;
				CLANG_ANALYZER_NONNULL = YES;
				CLANG_ANALYZER_NUMBER_OBJECT_CONVERSION = YES_AGGRESSIVE;
				CLANG_CXX_LANGUAGE_STANDARD = "gnu++14";
				CLANG_CXX_LIBRARY = "libc++";
				CLANG_ENABLE_MODULES = YES;
				CLANG_ENABLE_OBJC_ARC = YES;
				CLANG_ENABLE_OBJC_WEAK = YES;
				CLANG_WARN_BLOCK_CAPTURE_AUTORELEASING = YES;
				CLANG_WARN_BOOL_CONVERSION = YES;
				CLANG_WARN_COMMA = YES;
				CLANG_WARN_CONSTANT_CONVERSION = YES;
				CLANG_WARN_DEPRECATED_OBJC_IMPLEMENTATIONS = YES;
				CLANG_WARN_DIRECT_OBJC_ISA_USAGE = YES_ERROR;
				CLANG_WARN_DOCUMENTATION_COMMENTS = YES;
				CLANG_WARN_EMPTY_BODY = YES;
				CLANG_WARN_ENUM_CONVERSION = YES;
				CLANG_WARN_INFINITE_RECURSION = YES;
				CLANG_WARN_INT_CONVERSION = YES;
				CLANG_WARN_NON_LITERAL_NULL_CONVERSION = YES;
				CLANG_WARN_OBJC_IMPLICIT_RETAIN_SELF = YES;
				CLANG_WARN_OBJC_LITERAL_CONVERSION = YES;
				CLANG_WARN_OBJC_ROOT_CLASS = YES_ERROR;
				CLANG_WARN_QUOTED_INCLUDE_IN_FRAMEWORK_HEADER = YES;
				CLANG_WARN_RANGE_LOOP_ANALYSIS = YES;
				CLANG_WARN_STRICT_PROTOTYPES = YES;
				CLANG_WARN_SUSPICIOUS_MOVE = YES;
				CLANG_WARN_UNGUARDED_AVAILABILITY = YES_AGGRESSIVE;
				CLANG_WARN_UNREACHABLE_CODE = YES;
				CLANG_WARN__DUPLICATE_METHOD_MATCH = YES;
				COPY_PHASE_STRIP = NO;
				DEBUG_INFORMATION_FORMAT = "dwarf-with-dsym";
				ENABLE_NS_ASSERTIONS = NO;
				ENABLE_STRICT_OBJC_MSGSEND = YES;
				GCC_C_LANGUAGE_STANDARD = gnu11;
				GCC_NO_COMMON_BLOCKS = YES;
				GCC_WARN_64_TO_32_BIT_CONVERSION = YES;
				GCC_WARN_ABOUT_RETURN_TYPE = YES_ERROR;
				GCC_WARN_UNDECLARED_SELECTOR = YES;
				GCC_WARN_UNINITIALIZED_AUTOS = YES_AGGRESSIVE;
				GCC_WARN_UNUSED_FUNCTION = YES;
				GCC_WARN_UNUSED_VARIABLE = YES;
				IPHONEOS_DEPLOYMENT_TARGET = 13.7;
				MTL_ENABLE_DEBUG_INFO = NO;
				MTL_FAST_MATH = YES;
				SDKROOT = iphoneos;
				SWIFT_COMPILATION_MODE = wholemodule;
				SWIFT_OPTIMIZATION_LEVEL = "-O";
				VALIDATE_PRODUCT = YES;
			};
			name = Release;
		};
		6FAB7D9B257CEC3A00889031 /* Debug */ = {
			isa = XCBuildConfiguration;
			buildSettings = {
				ASSETCATALOG_COMPILER_APPICON_NAME = AppIcon;
				CLANG_ENABLE_MODULES = YES;
				CODE_SIGN_STYLE = Automatic;
				DEVELOPMENT_TEAM = 949EPRTE2W;
				INFOPLIST_FILE = DigitRecognizer/Info.plist;
				IPHONEOS_DEPLOYMENT_TARGET = 12.0;
				LD_RUNPATH_SEARCH_PATHS = (
					"$(inherited)",
					"@executable_path/Frameworks",
				);
				PRODUCT_BUNDLE_IDENTIFIER = com.personal.DigitRecognizer;
				PRODUCT_NAME = "$(TARGET_NAME)";
				SWIFT_OBJC_BRIDGING_HEADER = "";
				SWIFT_OPTIMIZATION_LEVEL = "-Onone";
				SWIFT_VERSION = 5.0;
				TARGETED_DEVICE_FAMILY = "1,2";
			};
			name = Debug;
		};
		6FAB7D9C257CEC3A00889031 /* Release */ = {
			isa = XCBuildConfiguration;
			buildSettings = {
				ASSETCATALOG_COMPILER_APPICON_NAME = AppIcon;
				CLANG_ENABLE_MODULES = YES;
				CODE_SIGN_STYLE = Automatic;
				DEVELOPMENT_TEAM = 949EPRTE2W;
				INFOPLIST_FILE = DigitRecognizer/Info.plist;
				IPHONEOS_DEPLOYMENT_TARGET = 12.0;
				LD_RUNPATH_SEARCH_PATHS = (
					"$(inherited)",
					"@executable_path/Frameworks",
				);
				PRODUCT_BUNDLE_IDENTIFIER = com.personal.DigitRecognizer;
				PRODUCT_NAME = "$(TARGET_NAME)";
				SWIFT_OBJC_BRIDGING_HEADER = "";
				SWIFT_VERSION = 5.0;
				TARGETED_DEVICE_FAMILY = "1,2";
			};
			name = Release;
		};
		6FAB7D9E257CEC3A00889031 /* Debug */ = {
			isa = XCBuildConfiguration;
			buildSettings = {
				ALWAYS_EMBED_SWIFT_STANDARD_LIBRARIES = YES;
				BUNDLE_LOADER = "$(TEST_HOST)";
				CODE_SIGN_STYLE = Automatic;
				INFOPLIST_FILE = DigitRecognizerTests/Info.plist;
				IPHONEOS_DEPLOYMENT_TARGET = 13.7;
				LD_RUNPATH_SEARCH_PATHS = (
					"$(inherited)",
					"@executable_path/Frameworks",
					"@loader_path/Frameworks",
				);
				PRODUCT_BUNDLE_IDENTIFIER = com.personal.DigitRecognizerTests;
				PRODUCT_NAME = "$(TARGET_NAME)";
				SWIFT_VERSION = 5.0;
				TARGETED_DEVICE_FAMILY = "1,2";
				TEST_HOST = "$(BUILT_PRODUCTS_DIR)/DigitRecognizer.app/DigitRecognizer";
			};
			name = Debug;
		};
		6FAB7D9F257CEC3A00889031 /* Release */ = {
			isa = XCBuildConfiguration;
			buildSettings = {
				ALWAYS_EMBED_SWIFT_STANDARD_LIBRARIES = YES;
				BUNDLE_LOADER = "$(TEST_HOST)";
				CODE_SIGN_STYLE = Automatic;
				INFOPLIST_FILE = DigitRecognizerTests/Info.plist;
				IPHONEOS_DEPLOYMENT_TARGET = 13.7;
				LD_RUNPATH_SEARCH_PATHS = (
					"$(inherited)",
					"@executable_path/Frameworks",
					"@loader_path/Frameworks",
				);
				PRODUCT_BUNDLE_IDENTIFIER = com.personal.DigitRecognizerTests;
				PRODUCT_NAME = "$(TARGET_NAME)";
				SWIFT_VERSION = 5.0;
				TARGETED_DEVICE_FAMILY = "1,2";
				TEST_HOST = "$(BUILT_PRODUCTS_DIR)/DigitRecognizer.app/DigitRecognizer";
			};
			name = Release;
		};
/* End XCBuildConfiguration section */

/* Begin XCConfigurationList section */
		6FAB7D76257CEC3900889031 /* Build configuration list for PBXProject "DigitRecognizer" */ = {
			isa = XCConfigurationList;
			buildConfigurations = (
				6FAB7D98257CEC3A00889031 /* Debug */,
				6FAB7D99257CEC3A00889031 /* Release */,
			);
			defaultConfigurationIsVisible = 0;
			defaultConfigurationName = Release;
		};
		6FAB7D9A257CEC3A00889031 /* Build configuration list for PBXNativeTarget "DigitRecognizer" */ = {
			isa = XCConfigurationList;
			buildConfigurations = (
				6FAB7D9B257CEC3A00889031 /* Debug */,
				6FAB7D9C257CEC3A00889031 /* Release */,
			);
			defaultConfigurationIsVisible = 0;
			defaultConfigurationName = Release;
		};
		6FAB7D9D257CEC3A00889031 /* Build configuration list for PBXNativeTarget "DigitRecognizerTests" */ = {
			isa = XCConfigurationList;
			buildConfigurations = (
				6FAB7D9E257CEC3A00889031 /* Debug */,
				6FAB7D9F257CEC3A00889031 /* Release */,
			);
			defaultConfigurationIsVisible = 0;
			defaultConfigurationName = Release;
		};
/* End XCConfigurationList section */
	};
	rootObject = 6FAB7D73257CEC3900889031 /* Project object */;
}
